
Microsoft Visual Studio Solution File, Format Version 12.00
# Visual Studio Version 17
VisualStudioVersion = 17.3.32825.248
MinimumVisualStudioVersion = 10.0.40219.1
Project("{FAE04EC0-301F-11D3-BF4B-00C04F79EFBC}") = "ToDoApp.Api", "ToDoApp.Api\ToDoApp.Api.csproj", "{012D30BD-5528-46E9-BA17-0724854B59F1}"
EndProject
Global
	GlobalSection(SolutionConfigurationPlatforms) = preSolution
		Debug|Any CPU = Debug|Any CPU
		Release|Any CPU = Release|Any CPU
	EndGlobalSection
	GlobalSection(ProjectConfigurationPlatforms) = postSolution
		{012D30BD-5528-46E9-BA17-0724854B59F1}.Debug|Any CPU.ActiveCfg = Debug|Any CPU
		{012D30BD-5528-46E9-BA17-0724854B59F1}.Debug|Any CPU.Build.0 = Debug|Any CPU
		{012D30BD-5528-46E9-BA17-0724854B59F1}.Release|Any CPU.ActiveCfg = Release|Any CPU
		{012D30BD-5528-46E9-BA17-0724854B59F1}.Release|Any CPU.Build.0 = Release|Any CPU
	EndGlobalSection
	GlobalSection(SolutionProperties) = preSolution
		HideSolutionNode = FALSE
	EndGlobalSection
	GlobalSection(ExtensibilityGlobals) = postSolution
		SolutionGuid = {785ECFA7-DC0D-4EBA-BCE4-8A5070EA50C5}
	EndGlobalSection
EndGlobal
